Microsoft Visual Studio Solution File, Format Version 12.00
# Visual Studio Version 17
VisualStudioVersion = 17.5.2.0
MinimumVisualStudioVersion = 10.0.40219.1
Project("{FAE04EC0-301F-11D3-BF4B-00C04F79EFBC}") = "exemplo _senha", "exemplo _senha.csproj", "{18C0B6D9-0F21-7AD5-12E5-493E71FF0D8C}"
EndProject
Global
	GlobalSection(SolutionConfigurationPlatforms) = preSolution
		Debug|Any CPU = Debug|Any CPU
		Release|Any CPU = Release|Any CPU
	EndGlobalSection
	GlobalSection(ProjectConfigurationPlatforms) = postSolution
		{18C0B6D9-0F21-7AD5-12E5-493E71FF0D8C}.Debug|Any CPU.ActiveCfg = Debug|Any CPU
		{18C0B6D9-0F21-7AD5-12E5-493E71FF0D8C}.Debug|Any CPU.Build.0 = Debug|Any CPU
		{18C0B6D9-0F21-7AD5-12E5-493E71FF0D8C}.Release|Any CPU.ActiveCfg = Release|Any CPU
		{18C0B6D9-0F21-7AD5-12E5-493E71FF0D8C}.Release|Any CPU.Build.0 = Release|Any CPU
	EndGlobalSection
	GlobalSection(SolutionProperties) = preSolution
		HideSolutionNode = FALSE
	EndGlobalSection
	GlobalSection(ExtensibilityGlobals) = postSolution
		SolutionGuid = {0D08F80B-B083-465B-BD81-306AAC7D33B6}
	EndGlobalSection
EndGlobal
